{
  "requires": true,
  "lockfileVersion": 1,
  "dependencies": {
    "onesignal-cordova-plugin": {
      "version": "2.5.2",
      "resolved": "https://registry.npmjs.org/onesignal-cordova-plugin/-/onesignal-cordova-plugin-2.5.2.tgz",
      "integrity": "sha512-7j9DTMDWGM2nBrfs/NAZ2gEr7LdM1O8qu/vkAZcXqKa4wLdaH+IAHW47V2t3dAkB/1ursyhE0KwsQA4drrhppA=="
    }
  }
}
